{
    "_meta": {
        "hash": {
            "sha256": "7ac8ad38689e1648b2b272970207d15cfc2f3f7e6a615bb64f1956a14d76c62b"
        },
        "pipfile-spec": 6,
        "requires": {
            "python_version": "3.7"
        },
        "sources": [
            {
                "name": "pypi",
                "url": "https://pypi.org/simple",
                "verify_ssl": true
            }
        ]
    },
    "default": {
        "aniso8601": {
            "hashes": [
                "sha256:1d2b7ef82963909e93c4f24ce48d4de9e66009a21bf1c1e1c85bdd0812fe412f",
                "sha256:72e3117667eedf66951bb2d93f4296a56b94b078a8a95905a052611fb3f1b973"
            ],
            "version": "==9.0.1"
        },
        "certifi": {
            "hashes": [
                "sha256:9c5705e395cd70084351dd8ad5c41e65655e08ce46f2ec9cf6c2c08390f71eb7",
                "sha256:f1d53542ee8cbedbe2118b5686372fb33c297fcd6379b050cca0ef13a597382a"
            ],
            "markers": "python_version >= '3.6'",
            "version": "==2022.5.18.1"
        },
        "charset-normalizer": {
            "hashes": [
                "sha256:2857e29ff0d34db842cd7ca3230549d1a697f96ee6d3fb071cfa6c7393832597",
                "sha256:6881edbebdb17b39b4eaaa821b438bf6eddffb4468cf344f09f89def34a8b1df"
            ],
            "markers": "python_version >= '3.0'",
            "version": "==2.0.12"
        },
        "click": {
            "hashes": [
                "sha256:7682dc8afb30297001674575ea00d1814d808d6a36af415a82bd481d37ba7b8e",
                "sha256:bb4d8133cb15a609f44e8213d9b391b0809795062913b383c62be0ee95b1db48"
            ],
            "markers": "python_version >= '3.7'",
            "version": "==8.1.3"
        },
        "flask": {
            "hashes": [
                "sha256:2271c0070dbcb5275fad4a82e29f23ab92682dc45f9dfbc22c02ba9b9322ce48",
                "sha256:a080b744b7e345ccfcbc77954861cb05b3c63786e93f2b3875e0913d44b43f05"
            ],
            "index": "pypi",
            "version": "==1.0.2"
        },
        "flask-jwt-extended": {
            "hashes": [
                "sha256:48e54a96410e10c456f1a0f1bde7187f88db658ca64e41d548ed4e91251d1f83"
            ],
            "index": "pypi",
            "version": "==3.13.1"
        },
        "flask-marshmallow": {
            "hashes": [
                "sha256:75c9d80f22af982b1e8ccec109d3b75c14bb5570602ae3705a4ff775badd2816",
                "sha256:db7aff4130eb99fd05ab78fd2e2c58843ba0f208899aeb1c14aff9cd98ae8c80"
            ],
            "index": "pypi",
            "version": "==0.9.0"
        },
        "flask-restful": {
            "hashes": [
                "sha256:5795519501347e108c436b693ff9a4d7b373a3ac9069627d64e4001c05dd3407",
                "sha256:e2f1b8063de3944b94c7f8be5cee4d2161db0267c54c5b757d875295061776fa"
            ],
            "index": "pypi",
            "version": "==0.3.6"
        },
        "flask-sqlalchemy": {
            "hashes": [
                "sha256:3bc0fac969dd8c0ace01b32060f0c729565293302f0c4269beed154b46bec50b",
                "sha256:5971b9852b5888655f11db634e87725a9031e170f37c0ce7851cf83497f56e53"
            ],
            "index": "pypi",
            "version": "==2.3.2"
        },
        "greenlet": {
            "hashes": [
                "sha256:004aed447382d80a56ecc354a6d807f305e6c808714ce6ccbca4839c94fae81d",
                "sha256:068d68fad6bd623e29a2d36e74538c9b9d6dc6464931cd27d93da6cfc6a7f242",
                "sha256:06fd4075754009c9817c6b4e1dc0af4616de52757b6ca973a81c3c1aadc28257",
                "sha256:1004cb542451814b12a4f38e835a47734e2b2c683acbf463d5ae76282a3974cf",
                "sha256:10c358633a8b27bfc32d27114ef2ca2ddc9f1f89f1643d1157b85e1fdd695315",
                "sha256:115bc25fefbdc692c4483e9ddb9011ccd0251590ed59dbfff0f4eb7050bf99c4",
                "sha256:1d987a2579336792f73ae6b106c2f087e32afc8573fbf9566f123ac6d8cfb72f",
                "sha256:2128d727fd1e8afba8e68feb2cdcf88c90163b69ddc9707722a3e491c5280720",
                "sha256:230132c241fe284f93f2e7b3969e9b22bbd76ef98cf93e382c945d378907f5a4",
                "sha256:23558f7bd08a663386c032ab8d302d613d2d02ae0c9758ad410bab6035b58d3d",
                "sha256:255d520d3e4a5f16883b182e1a94219fe455ab4f50aaaf534bfd6d64ee728397",
                "sha256:2a6bc19a728f6f643cfc89b876159a1a25a8f7d8700c013d48a73691f80b4550",
                "sha256:379bed346ef8ba0a0e698b3c5975a44d15dd4a5bbff40bbd7fd548b445d5550b",
                "sha256:3b12d0866759db93b0a893b4e50a7d7d1681519d2346c26695bb8bb2c652230e",
                "sha256:40d491944f69e350e1e8b25f6ca49459824ede1678ec0cd4b5541f41edc06614",
                "sha256:471484c7b9d7b7867263051aa81cdeed6e06b455e629a7f05eb91a6cb8bd0836",
                "sha256:488c557080557bc01aabb3e1bda7225c68455b853733a8652857ac0d810dad1b",
                "sha256:49c2e76e7aa81ba889b3c183e2341af3cc6161ee38852085110ae49d5b5d9a40",
                "sha256:52d13ec90236e5935ed6da044e78faa1371d5116cc43fe6d7ca8994dd619ef96",
                "sha256:57898c69a253d81f487787bdd538629fabd671fab8a9e31b041ca30965fd9556",
                "sha256:5d577eef5beb5730ef01ab39983eb852a97c359b7a546809adf70c409f4b2ecc",
                "sha256:6a41987c1474c9158a0c0c96611530a8f299bc547d35bee8add981b8b2534f74",
                "sha256:6ae67b7df8db3626af8e042e9c6949cfa27d1a3bbbfdff29e45b72bb6673a650",
                "sha256:6c42c27e9d12e8a481aff469ffe8dd4ce0484c354a418470960f760f6ae41e7c",
                "sha256:6c4a90c9f6128b4d0905a89930bd325e0491574e5cb453f606bb7094a3197587",
                "sha256:6e64518e5833ac2d9359b6d9bd4df2c0cf441a0f3a4eca9e735fbea99009fa70",
                "sha256:6fd3a270c23c5b42d86a9c7c6b0229f23ee4a7a4cabdaaa1693ad7a0982d13cb",
                "sha256:70db73351e0fcf11a76288c47a0469d9a330bcb2e7618c5eb57432b8caa82403",
                "sha256:771f401692046845626cbdf1dd0f04e999413ede0ee9ad39033fe30b5fa2e845",
                "sha256:7935026ec61b967cbc6b746c0ca75c1651ea118d7fee4d259cff9e6866153374",
                "sha256:7b76b1cac9baac1980210e29145800954e7b42e91ef69c4d695de1cab87ce41f",
                "sha256:7e3f37c11b6699b1a1e0fcc0e88829dba4f2866546381b05ab8b3f4db645a823",
                "sha256:8370fa65ad421484894f559055f951843754153b72b9bca2ebdc5288efe2e3f0",
                "sha256:8ae9c443d44a4e23252632e4d7775f419f992d0df3eff923e23775f5cc551d39",
                "sha256:8b31d85f2781e44f1ffaaf7ea07f484e7d42317c677c355fa77b4a1a4bea7394",
                "sha256:8b450336b27f3b375cadc474c6704838eaa8dd3ca312aac3bb69d92264a8e638",
                "sha256:9ce84357388a76d886febff4e50e321c212ffd3248b590960b2da6e02404a5c9",
                "sha256:a23e986fb0ba8e7407286add41fa0d4207be44e3dce1b04789f4757800eca1cf",
                "sha256:a81610ee00d0da9cd2c8679479b7791149365b6dfb3971b01b22ee29b04787ce",
                "sha256:b4e40444975e5ab0ed3004369209c39a28e084951daaeee4919f164b6b849b14",
                "sha256:b66600de16702b9dfa74bea34524b55183a2183e5fd92f20fe6c2fcae550a64c",
                "sha256:ba6ee18694d3673796b7a31b7d21254e87e9e43ca5be56f323fd396111255315",
                "sha256:bd03837da28293baa39bdfc3cada69e2f8807f423ae06168aa28d2b32c63a6b6",
                "sha256:bd2192070f88c0778ae1d68a0980fdece3473498c1db37f3794e3454f91e3ecf",
                "sha256:c1f6f1a3cc013012cd1da913c40b13e6d721046a8c8a0ea0cde94069645a75db",
                "sha256:ce10a8e7e067bde3c1fbf494d2b8859db510206030b0b67bc3af90b0eb1887b9",
                "sha256:d31386d208303a5a6cf0819ef9f6db6680bab9e4ca8e48adb3d4b26ead89beb7",
                "sha256:d83b3af53b201970973c5574b39df226746194063bb248a53fd12b470ac34319",
                "sha256:df9657b212c054ac6d803290d7c4bcd7790af0b725984fce1eeb0a1e3f2d9798",
                "sha256:e576e5fd3f129e6b3595dc734ac7f2b8c548f19ef07781194bc538dc9c0cdbbc",
                "sha256:e7400358558094c1bcedc75f3b3c4f400c53130b44833848890a99968dee6a64",
                "sha256:eb6a385f8577d30e4cb43dd555fb134ddaae1edeb84205e09dabec332bf49fd0",
                "sha256:f27f0875e0873f6bf5df09a456bfcac0667824cabac4cad30b43f36e0382ffe7",
                "sha256:fcd4a6d04995f1d66bc78b503e4e59ae72fd32aaec4f661657fe5ae5c1aa4ce3"
            ],
            "markers": "python_version >= '3.0' and platform_machine == 'aarch64' or (platform_machine == 'ppc64le' or (platform_machine == 'x86_64' or (platform_machine == 'amd64' or (platform_machine == 'AMD64' or (platform_machine == 'win32' or platform_machine == 'WIN32')))))",
            "version": "==2.0.0a2"
        },
        "idna": {
            "hashes": [
                "sha256:84d9dd047ffa80596e0f246e2eab0b391788b0503584e8945f2368256d2735ff",
                "sha256:9d643ff0a55b762d5cdb124b8eaa99c66322e2157b69160bc32796e824360e6d"
            ],
            "markers": "python_version >= '3.0'",
            "version": "==3.3"
        },
        "importlib-metadata": {
            "hashes": [
                "sha256:5d26852efe48c0a32b0509ffbc583fda1a2266545a78d104a6f4aff3db17d700",
                "sha256:c58c8eb8a762858f49e18436ff552e83914778e50e9d2f1660535ffb364552ec"
            ],
            "markers": "python_version < '3.8'",
            "version": "==4.11.4"
        },
        "itsdangerous": {
            "hashes": [
                "sha256:2c2349112351b88699d8d4b6b075022c0808887cb7ad10069318a8b0bc88db44",
                "sha256:5dbbc68b317e5e42f327f9021763545dc3fc3bfe22e6deb96aaf1fc38874156a"
            ],
            "markers": "python_version >= '3.7'",
            "version": "==2.1.2"
        },
        "jinja2": {
            "hashes": [
                "sha256:31351a702a408a9e7595a8fc6150fc3f43bb6bf7e319770cbc0db9df9437e852",
                "sha256:6088930bfe239f0e6710546ab9c19c9ef35e29792895fed6e6e31a023a182a61"
            ],
            "markers": "python_version >= '3.7'",
            "version": "==3.1.2"
        },
        "markupsafe": {
            "hashes": [
                "sha256:0212a68688482dc52b2d45013df70d169f542b7394fc744c02a57374a4207003",
                "sha256:089cf3dbf0cd6c100f02945abeb18484bd1ee57a079aefd52cffd17fba910b88",
                "sha256:10c1bfff05d95783da83491be968e8fe789263689c02724e0c691933c52994f5",
                "sha256:33b74d289bd2f5e527beadcaa3f401e0df0a89927c1559c8566c066fa4248ab7",
                "sha256:3799351e2336dc91ea70b034983ee71cf2f9533cdff7c14c90ea126bfd95d65a",
                "sha256:3ce11ee3f23f79dbd06fb3d63e2f6af7b12db1d46932fe7bd8afa259a5996603",
                "sha256:421be9fbf0ffe9ffd7a378aafebbf6f4602d564d34be190fc19a193232fd12b1",
                "sha256:43093fb83d8343aac0b1baa75516da6092f58f41200907ef92448ecab8825135",
                "sha256:46d00d6cfecdde84d40e572d63735ef81423ad31184100411e6e3388d405e247",
                "sha256:4a33dea2b688b3190ee12bd7cfa29d39c9ed176bda40bfa11099a3ce5d3a7ac6",
                "sha256:4b9fe39a2ccc108a4accc2676e77da025ce383c108593d65cc909add5c3bd601",
                "sha256:56442863ed2b06d19c37f94d999035e15ee982988920e12a5b4ba29b62ad1f77",
                "sha256:671cd1187ed5e62818414afe79ed29da836dde67166a9fac6d435873c44fdd02",
                "sha256:694deca8d702d5db21ec83983ce0bb4b26a578e71fbdbd4fdcd387daa90e4d5e",
                "sha256:6a074d34ee7a5ce3effbc526b7083ec9731bb3cbf921bbe1d3005d4d2bdb3a63",
                "sha256:6d0072fea50feec76a4c418096652f2c3238eaa014b2f94aeb1d56a66b41403f",
                "sha256:6fbf47b5d3728c6aea2abb0589b5d30459e369baa772e0f37a0320185e87c980",
                "sha256:7f91197cc9e48f989d12e4e6fbc46495c446636dfc81b9ccf50bb0ec74b91d4b",
                "sha256:86b1f75c4e7c2ac2ccdaec2b9022845dbb81880ca318bb7a0a01fbf7813e3812",
                "sha256:8dc1c72a69aa7e082593c4a203dcf94ddb74bb5c8a731e4e1eb68d031e8498ff",
                "sha256:8e3dcf21f367459434c18e71b2a9532d96547aef8a871872a5bd69a715c15f96",
                "sha256:8e576a51ad59e4bfaac456023a78f6b5e6e7651dcd383bcc3e18d06f9b55d6d1",
                "sha256:96e37a3dc86e80bf81758c152fe66dbf60ed5eca3d26305edf01892257049925",
                "sha256:97a68e6ada378df82bc9f16b800ab77cbf4b2fada0081794318520138c088e4a",
                "sha256:99a2a507ed3ac881b975a2976d59f38c19386d128e7a9a18b7df6fff1fd4c1d6",
                "sha256:a49907dd8420c5685cfa064a1335b6754b74541bbb3706c259c02ed65b644b3e",
                "sha256:b09bf97215625a311f669476f44b8b318b075847b49316d3e28c08e41a7a573f",
                "sha256:b7bd98b796e2b6553da7225aeb61f447f80a1ca64f41d83612e6139ca5213aa4",
                "sha256:b87db4360013327109564f0e591bd2a3b318547bcef31b468a92ee504d07ae4f",
                "sha256:bcb3ed405ed3222f9904899563d6fc492ff75cce56cba05e32eff40e6acbeaa3",
                "sha256:d4306c36ca495956b6d568d276ac11fdd9c30a36f1b6eb928070dc5360b22e1c",
                "sha256:d5ee4f386140395a2c818d149221149c54849dfcfcb9f1debfe07a8b8bd63f9a",
                "sha256:dda30ba7e87fbbb7eab1ec9f58678558fd9a6b8b853530e176eabd064da81417",
                "sha256:e04e26803c9c3851c931eac40c695602c6295b8d432cbe78609649ad9bd2da8a",
                "sha256:e1c0b87e09fa55a220f058d1d49d3fb8df88fbfab58558f1198e08c1e1de842a",
                "sha256:e72591e9ecd94d7feb70c1cbd7be7b3ebea3f548870aa91e2732960fa4d57a37",
                "sha256:e8c843bbcda3a2f1e3c2ab25913c80a3c5376cd00c6e8c4a86a89a28c8dc5452",
                "sha256:efc1913fd2ca4f334418481c7e595c00aad186563bbc1ec76067848c7ca0a933",
                "sha256:f121a1420d4e173a5d96e47e9a0c0dcff965afdf1626d28de1460815f7c4ee7a",
                "sha256:fc7b548b17d238737688817ab67deebb30e8073c95749d55538ed473130ec0c7"
            ],
            "markers": "python_version >= '3.7'",
            "version": "==2.1.1"
        },
        "marshmallow": {
            "hashes": [
                "sha256:5e0053c86e3abaa72a03bbe0021ec97270c13fd6400b682eb1aeaf24b871bc8a",
                "sha256:81884e930c1db72d8b8e3d8d2d090f2f43427e5c11c37f703b29879980491ab6"
            ],
            "index": "pypi",
            "version": "==3.0.0b19"
        },
        "marshmallow-sqlalchemy": {
            "hashes": [
                "sha256:a42cdbd6b623059fca601e1b572cab28f00d4acf36e2cef38094c88424b3dcf1",
                "sha256:aacb0a7e0f6b5d489cdb3c10d1ab420f74c21538838026337738e4c6e8848fd8"
            ],
            "index": "pypi",
            "version": "==0.14.1"
        },
        "pyjwt": {
            "hashes": [
                "sha256:72d1d253f32dbd4f5c88eaf1fdc62f3a19f676ccbadb9dbc5d07e951b2b26daf",
                "sha256:d42908208c699b3b973cbeb01a969ba6a96c821eefb1c5bfe4c390c01d67abba"
            ],
            "index": "pypi",
            "version": "==2.4.0"
        },
        "python-dotenv": {
            "hashes": [
                "sha256:122290a38ece9fe4f162dc7c95cae3357b983505830a154d3c98ef7f6c6cea77",
                "sha256:4a205787bc829233de2a823aa328e44fd9996fedb954989a21f1fc67c13d7a77"
            ],
            "index": "pypi",
            "version": "==0.9.1"
        },
        "pytz": {
            "hashes": [
                "sha256:1e760e2fe6a8163bc0b3d9a19c4f84342afa0a2affebfaa84b01b978a02ecaa7",
                "sha256:e68985985296d9a66a881eb3193b0906246245294a881e7c8afe623866ac6a5c"
            ],
            "version": "==2022.1"
        },
        "requests": {
            "hashes": [
                "sha256:68d7c56fd5a8999887728ef304a6d12edc7be74f1cfa47714fc8b414525c9a61",
                "sha256:f22fa1e554c9ddfd16e6e41ac79759e17be9e492b3587efa038054674760e72d"
            ],
            "markers": "python_version >= '3.0'",
            "version": "==2.27.1"
        },
        "six": {
            "hashes": [
                "sha256:1e61c37477a1626458e36f7b1d82aa5c9b094fa4802892072e49de9c60c4c926",
                "sha256:8abb2f1d86890a2dfb989f9a77cfcfd3e47c2a354b01111771326f8aa26e0254"
            ],
            "markers": "python_version >= '2.7' and python_version not in '3.0, 3.1, 3.2, 3.3'",
            "version": "==1.16.0"
        },
        "sqlalchemy": {
            "hashes": [
                "sha256:09c606d8238feae2f360b8742ffbe67741937eb0a05b57f536948d198a3def96",
                "sha256:166a3887ec355f7d2f12738f7fa25dc8ac541867147a255f790f2f41f614cb44",
                "sha256:16abf35af37a3d5af92725fc9ec507dd9e9183d261c2069b6606d60981ed1c6e",
                "sha256:2e885548da361aa3f8a9433db4cfb335b2107e533bf314359ae3952821d84b3e",
                "sha256:2ec89bf98cc6a0f5d1e28e3ad28e9be6f3b4bdbd521a4053c7ae8d5e1289a8a1",
                "sha256:2ecac4db8c1aa4a269f5829df7e706639a24b780d2ac46b3e485cbbd27ec0028",
                "sha256:316c7e5304dda3e3ad711569ac5d02698bbc71299b168ac56a7076b86259f7ea",
                "sha256:5041474dcab7973baa91ec1f3112049a9dd4652898d6a95a6a895ff5c58beb6b",
                "sha256:53d2d9ee93970c969bc4e3c78b1277d7129554642f6ffea039c282c7dc4577bc",
                "sha256:5864a83bd345871ad9699ce466388f836db7572003d67d9392a71998092210e3",
                "sha256:5c90ef955d429966d84326d772eb34333178737ebb669845f1d529eb00c75e72",
                "sha256:5d50cb71c1dbed70646d521a0975fb0f92b7c3f84c61fa59e07be23a1aaeecfc",
                "sha256:64678ac321d64a45901ef2e24725ec5e783f1f4a588305e196431447e7ace243",
                "sha256:64d796e9af522162f7f2bf7a3c5531a0a550764c426782797bbeed809d0646c5",
                "sha256:6cb4c4f57a20710cea277edf720d249d514e587f796b75785ad2c25e1c0fed26",
                "sha256:6e1fe00ee85c768807f2a139b83469c1e52a9ffd58a6eb51aa7aeb524325ab18",
                "sha256:6e859fa96605027bd50d8e966db1c4e1b03e7b3267abbc4b89ae658c99393c58",
                "sha256:7a052bd9f53004f8993c624c452dfad8ec600f572dd0ed0445fbe64b22f5570e",
                "sha256:81e53bd383c2c33de9d578bfcc243f559bd3801a0e57f2bcc9a943c790662e0c",
                "sha256:83cf3077712be9f65c9aaa0b5bc47bc1a44789fd45053e2e3ecd59ff17c63fe9",
                "sha256:8b20c4178ead9bc398be479428568ff31b6c296eb22e75776273781a6551973f",
                "sha256:8d07fe2de0325d06e7e73281e9a9b5e259fbd7cbfbe398a0433cbb0082ad8fa7",
                "sha256:a0ae3aa2e86a4613f2d4c49eb7da23da536e6ce80b2bfd60bbb2f55fc02b0b32",
                "sha256:af2587ae11400157753115612d6c6ad255143efba791406ad8a0cbcccf2edcb3",
                "sha256:b3db741beaa983d4cbf9087558620e7787106319f7e63a066990a70657dd6b35",
                "sha256:be094460930087e50fd08297db9d7aadaed8408ad896baf758e9190c335632da",
                "sha256:cb441ca461bf97d00877b607f132772644b623518b39ced54da433215adce691",
                "sha256:ce20f5da141f8af26c123ebaa1b7771835ca6c161225ce728962a79054f528c3",
                "sha256:d57ac32f8dc731fddeb6f5d1358b4ca5456e72594e664769f0a9163f13df2a31",
                "sha256:dce3468bf1fc12374a1a732c9efd146ce034f91bb0482b602a9311cb6166a920",
                "sha256:e12532c4d3f614678623da5d852f038ace1f01869b89f003ed6fe8c793f0c6a3",
                "sha256:e74ce103b81c375c3853b436297952ef8d7863d801dcffb6728d01544e5191b5",
                "sha256:f0394a3acfb8925db178f7728adb38c027ed7e303665b225906bfa8099dc1ce8",
                "sha256:f522214f6749bc073262529c056f7dfd660f3b5ec4180c5354d985eb7219801e",
                "sha256:fbf8c09fe9728168f8cc1b40c239eab10baf9c422c18be7f53213d70434dea43",
                "sha256:fca8322e04b2dde722fcb0558682740eebd3bd239bea7a0d0febbc190e99dc15"
            ],
            "markers": "python_version >= '2.7' and python_version not in '3.0, 3.1, 3.2, 3.3, 3.4, 3.5'",
            "version": "==1.4.36"
        },
        "stripe": {
            "hashes": [
                "sha256:489ae012b05b0a33f47238cfc05b1c6a9c61ece93a8ac32696375e9800f37db7",
                "sha256:4daf25e0182ad7d75f118b5b550c8c7f55f6af88a833f8c1914c1cbd062c6633"
            ],
            "index": "pypi",
            "version": "==2.11.0"
        },
        "typing-extensions": {
            "hashes": [
                "sha256:6657594ee297170d19f67d55c05852a874e7eb634f4f753dbd667855e07c1708",
                "sha256:f1c24655a0da0d1b67f07e17a5e6b2a105894e6824b92096378bb3668ef02376"
            ],
            "markers": "python_version < '3.8'",
            "version": "==4.2.0"
        },
        "urllib3": {
            "hashes": [
                "sha256:44ece4d53fb1706f667c9bd1c648f5469a2ec925fcf3a776667042d645472c14",
                "sha256:aabaf16477806a5e1dd19aa41f8c2b7950dd3c746362d7e3223dbe6de6ac448e"
            ],
            "markers": "python_version >= '2.7' and python_version not in '3.0, 3.1, 3.2, 3.3, 3.4' and python_version < '4'",
            "version": "==1.26.9"
        },
        "werkzeug": {
            "hashes": [
                "sha256:1ce08e8093ed67d638d63879fd1ba3735817f7a80de3674d293f5984f25fb6e6",
                "sha256:72a4b735692dd3135217911cbeaa1be5fa3f62bffb8745c5215420a03dc55255"
            ],
            "markers": "python_version >= '3.7'",
            "version": "==2.1.2"
        },
        "zipp": {
            "hashes": [
                "sha256:56bf8aadb83c24db6c4b577e13de374ccfb67da2078beba1d037c17980bf43ad",
                "sha256:c4f6e5bbf48e74f7a38e7cc5b0480ff42b0ae5178957d564d18932525d5cf099"
            ],
            "markers": "python_version >= '3.7'",
            "version": "==3.8.0"
        }
    },
    "develop": {}
}
